
Microsoft Visual Studio Solution File, Format Version 12.00
# Visual Studio Version 16
VisualStudioVersion = 16.0.31005.135
MinimumVisualStudioVersion = 10.0.40219.1
Project("{FAE04EC0-301F-11D3-BF4B-00C04F79EFBC}") = "Exercicio03", "Exercicio03\Exercicio03.csproj", "{B14401A3-1669-4EFB-A630-1AAAB9911A95}"
EndProject
Global
	GlobalSection(SolutionConfigurationPlatforms) = preSolution
		Debug|Any CPU = Debug|Any CPU
		Release|Any CPU = Release|Any CPU
	EndGlobalSection
	GlobalSection(ProjectConfigurationPlatforms) = postSolution
		{B14401A3-1669-4EFB-A630-1AAAB9911A95}.Debug|Any CPU.ActiveCfg = Debug|Any CPU
		{B14401A3-1669-4EFB-A630-1AAAB9911A95}.Debug|Any CPU.Build.0 = Debug|Any CPU
		{B14401A3-1669-4EFB-A630-1AAAB9911A95}.Release|Any CPU.ActiveCfg = Release|Any CPU
		{B14401A3-1669-4EFB-A630-1AAAB9911A95}.Release|Any CPU.Build.0 = Release|Any CPU
	EndGlobalSection
	GlobalSection(SolutionProperties) = preSolution
		HideSolutionNode = FALSE
	EndGlobalSection
	GlobalSection(ExtensibilityGlobals) = postSolution
		SolutionGuid = {95D5A4F5-42B4-4261-BC37-2E9B09156996}
	EndGlobalSection
EndGlobal
