
Microsoft Visual Studio Solution File, Format Version 12.00
# Visual Studio Version 16
VisualStudioVersion = 16.0.31005.135
MinimumVisualStudioVersion = 10.0.40219.1
Project("{FAE04EC0-301F-11D3-BF4B-00C04F79EFBC}") = "ConsoleApp1", "ConsoleApp1\ConsoleApp1.csproj", "{2812F589-818A-4C17-A96C-1CB44C3477D8}"
EndProject
Global
	GlobalSection(SolutionConfigurationPlatforms) = preSolution
		Debug|Any CPU = Debug|Any CPU
		Release|Any CPU = Release|Any CPU
	EndGlobalSection
	GlobalSection(ProjectConfigurationPlatforms) = postSolution
		{2812F589-818A-4C17-A96C-1CB44C3477D8}.Debug|Any CPU.ActiveCfg = Debug|Any CPU
		{2812F589-818A-4C17-A96C-1CB44C3477D8}.Debug|Any CPU.Build.0 = Debug|Any CPU
		{2812F589-818A-4C17-A96C-1CB44C3477D8}.Release|Any CPU.ActiveCfg = Release|Any CPU
		{2812F589-818A-4C17-A96C-1CB44C3477D8}.Release|Any CPU.Build.0 = Release|Any CPU
	EndGlobalSection
	GlobalSection(SolutionProperties) = preSolution
		HideSolutionNode = FALSE
	EndGlobalSection
	GlobalSection(ExtensibilityGlobals) = postSolution
		SolutionGuid = {4E27B53B-3844-48E2-8DE8-64E4128E628E}
	EndGlobalSection
EndGlobal
