
Microsoft Visual Studio Solution File, Format Version 12.00
# Visual Studio Version 16
VisualStudioVersion = 16.0.31005.135
MinimumVisualStudioVersion = 10.0.40219.1
Project("{FAE04EC0-301F-11D3-BF4B-00C04F79EFBC}") = "Exercicio04", "Exercicio04\Exercicio04.csproj", "{4A94CD2D-CBF2-4CBF-9359-E08840252D10}"
EndProject
Global
	GlobalSection(SolutionConfigurationPlatforms) = preSolution
		Debug|Any CPU = Debug|Any CPU
		Release|Any CPU = Release|Any CPU
	EndGlobalSection
	GlobalSection(ProjectConfigurationPlatforms) = postSolution
		{4A94CD2D-CBF2-4CBF-9359-E08840252D10}.Debug|Any CPU.ActiveCfg = Debug|Any CPU
		{4A94CD2D-CBF2-4CBF-9359-E08840252D10}.Debug|Any CPU.Build.0 = Debug|Any CPU
		{4A94CD2D-CBF2-4CBF-9359-E08840252D10}.Release|Any CPU.ActiveCfg = Release|Any CPU
		{4A94CD2D-CBF2-4CBF-9359-E08840252D10}.Release|Any CPU.Build.0 = Release|Any CPU
	EndGlobalSection
	GlobalSection(SolutionProperties) = preSolution
		HideSolutionNode = FALSE
	EndGlobalSection
	GlobalSection(ExtensibilityGlobals) = postSolution
		SolutionGuid = {6C29C065-80EE-4BB6-8246-CD0251D3B26C}
	EndGlobalSection
EndGlobal
