
Microsoft Visual Studio Solution File, Format Version 12.00
# Visual Studio Version 16
VisualStudioVersion = 16.0.31005.135
MinimumVisualStudioVersion = 10.0.40219.1
Project("{FAE04EC0-301F-11D3-BF4B-00C04F79EFBC}") = "Exercicio02", "Exercicio02\Exercicio02.csproj", "{776A03D7-EA17-4EEC-B024-D393537800EB}"
EndProject
Global
	GlobalSection(SolutionConfigurationPlatforms) = preSolution
		Debug|Any CPU = Debug|Any CPU
		Release|Any CPU = Release|Any CPU
	EndGlobalSection
	GlobalSection(ProjectConfigurationPlatforms) = postSolution
		{776A03D7-EA17-4EEC-B024-D393537800EB}.Debug|Any CPU.ActiveCfg = Debug|Any CPU
		{776A03D7-EA17-4EEC-B024-D393537800EB}.Debug|Any CPU.Build.0 = Debug|Any CPU
		{776A03D7-EA17-4EEC-B024-D393537800EB}.Release|Any CPU.ActiveCfg = Release|Any CPU
		{776A03D7-EA17-4EEC-B024-D393537800EB}.Release|Any CPU.Build.0 = Release|Any CPU
	EndGlobalSection
	GlobalSection(SolutionProperties) = preSolution
		HideSolutionNode = FALSE
	EndGlobalSection
	GlobalSection(ExtensibilityGlobals) = postSolution
		SolutionGuid = {B619A66E-BC87-4B26-9CA3-ED44D1D6995A}
	EndGlobalSection
EndGlobal
