
Microsoft Visual Studio Solution File, Format Version 12.00
# Visual Studio Version 16
VisualStudioVersion = 16.0.31005.135
MinimumVisualStudioVersion = 10.0.40219.1
Project("{FAE04EC0-301F-11D3-BF4B-00C04F79EFBC}") = "Introducao_Excecao", "Introducao_Excecao\Introducao_Excecao.csproj", "{CA0FAF13-D355-46E1-A8A4-F5B304EBA813}"
EndProject
Global
	GlobalSection(SolutionConfigurationPlatforms) = preSolution
		Debug|Any CPU = Debug|Any CPU
		Release|Any CPU = Release|Any CPU
	EndGlobalSection
	GlobalSection(ProjectConfigurationPlatforms) = postSolution
		{CA0FAF13-D355-46E1-A8A4-F5B304EBA813}.Debug|Any CPU.ActiveCfg = Debug|Any CPU
		{CA0FAF13-D355-46E1-A8A4-F5B304EBA813}.Debug|Any CPU.Build.0 = Debug|Any CPU
		{CA0FAF13-D355-46E1-A8A4-F5B304EBA813}.Release|Any CPU.ActiveCfg = Release|Any CPU
		{CA0FAF13-D355-46E1-A8A4-F5B304EBA813}.Release|Any CPU.Build.0 = Release|Any CPU
	EndGlobalSection
	GlobalSection(SolutionProperties) = preSolution
		HideSolutionNode = FALSE
	EndGlobalSection
	GlobalSection(ExtensibilityGlobals) = postSolution
		SolutionGuid = {5BA9364A-5E22-405A-88CB-847D1E6589CD}
	EndGlobalSection
EndGlobal
