
Microsoft Visual Studio Solution File, Format Version 12.00
# Visual Studio Version 16
VisualStudioVersion = 16.0.31410.357
MinimumVisualStudioVersion = 10.0.40219.1
Project("{FAE04EC0-301F-11D3-BF4B-00C04F79EFBC}") = "Questao03", "Questao03\Questao03.csproj", "{DC03AEFC-2F8B-49CF-BB57-040CF494CAED}"
EndProject
Global
	GlobalSection(SolutionConfigurationPlatforms) = preSolution
		Debug|Any CPU = Debug|Any CPU
		Release|Any CPU = Release|Any CPU
	EndGlobalSection
	GlobalSection(ProjectConfigurationPlatforms) = postSolution
		{DC03AEFC-2F8B-49CF-BB57-040CF494CAED}.Debug|Any CPU.ActiveCfg = Debug|Any CPU
		{DC03AEFC-2F8B-49CF-BB57-040CF494CAED}.Debug|Any CPU.Build.0 = Debug|Any CPU
		{DC03AEFC-2F8B-49CF-BB57-040CF494CAED}.Release|Any CPU.ActiveCfg = Release|Any CPU
		{DC03AEFC-2F8B-49CF-BB57-040CF494CAED}.Release|Any CPU.Build.0 = Release|Any CPU
	EndGlobalSection
	GlobalSection(SolutionProperties) = preSolution
		HideSolutionNode = FALSE
	EndGlobalSection
	GlobalSection(ExtensibilityGlobals) = postSolution
		SolutionGuid = {78F4BA90-727A-4F50-81A8-D50F612DDB5A}
	EndGlobalSection
EndGlobal
