
Microsoft Visual Studio Solution File, Format Version 12.00
# Visual Studio Version 16
VisualStudioVersion = 16.0.31005.135
MinimumVisualStudioVersion = 10.0.40219.1
Project("{FAE04EC0-301F-11D3-BF4B-00C04F79EFBC}") = "Exercicio07", "Exercicio07\Exercicio07.csproj", "{F1084EC2-FA32-4C1B-97FF-5FACCB11A9E2}"
EndProject
Global
	GlobalSection(SolutionConfigurationPlatforms) = preSolution
		Debug|Any CPU = Debug|Any CPU
		Release|Any CPU = Release|Any CPU
	EndGlobalSection
	GlobalSection(ProjectConfigurationPlatforms) = postSolution
		{F1084EC2-FA32-4C1B-97FF-5FACCB11A9E2}.Debug|Any CPU.ActiveCfg = Debug|Any CPU
		{F1084EC2-FA32-4C1B-97FF-5FACCB11A9E2}.Debug|Any CPU.Build.0 = Debug|Any CPU
		{F1084EC2-FA32-4C1B-97FF-5FACCB11A9E2}.Release|Any CPU.ActiveCfg = Release|Any CPU
		{F1084EC2-FA32-4C1B-97FF-5FACCB11A9E2}.Release|Any CPU.Build.0 = Release|Any CPU
	EndGlobalSection
	GlobalSection(SolutionProperties) = preSolution
		HideSolutionNode = FALSE
	EndGlobalSection
	GlobalSection(ExtensibilityGlobals) = postSolution
		SolutionGuid = {1E187ECA-C5E0-4ED8-8717-4A3C66F26748}
	EndGlobalSection
EndGlobal
