
Microsoft Visual Studio Solution File, Format Version 12.00
# Visual Studio Version 16
VisualStudioVersion = 16.0.31005.135
MinimumVisualStudioVersion = 10.0.40219.1
Project("{FAE04EC0-301F-11D3-BF4B-00C04F79EFBC}") = "Exercicio07", "Exercicio07\Exercicio07.csproj", "{07BE8974-BB99-45E3-BE71-C35C9CBD8AED}"
EndProject
Global
	GlobalSection(SolutionConfigurationPlatforms) = preSolution
		Debug|Any CPU = Debug|Any CPU
		Release|Any CPU = Release|Any CPU
	EndGlobalSection
	GlobalSection(ProjectConfigurationPlatforms) = postSolution
		{07BE8974-BB99-45E3-BE71-C35C9CBD8AED}.Debug|Any CPU.ActiveCfg = Debug|Any CPU
		{07BE8974-BB99-45E3-BE71-C35C9CBD8AED}.Debug|Any CPU.Build.0 = Debug|Any CPU
		{07BE8974-BB99-45E3-BE71-C35C9CBD8AED}.Release|Any CPU.ActiveCfg = Release|Any CPU
		{07BE8974-BB99-45E3-BE71-C35C9CBD8AED}.Release|Any CPU.Build.0 = Release|Any CPU
	EndGlobalSection
	GlobalSection(SolutionProperties) = preSolution
		HideSolutionNode = FALSE
	EndGlobalSection
	GlobalSection(ExtensibilityGlobals) = postSolution
		SolutionGuid = {5A6B84BC-2F67-403A-B0F6-7F8389244D48}
	EndGlobalSection
EndGlobal
