
Microsoft Visual Studio Solution File, Format Version 12.00
# Visual Studio Version 16
VisualStudioVersion = 16.0.31005.135
MinimumVisualStudioVersion = 10.0.40219.1
Project("{FAE04EC0-301F-11D3-BF4B-00C04F79EFBC}") = "Exercicio03", "Exercicio03\Exercicio03.csproj", "{36B750F4-9184-4FC3-9DF5-C1DCC92EEC74}"
EndProject
Global
	GlobalSection(SolutionConfigurationPlatforms) = preSolution
		Debug|Any CPU = Debug|Any CPU
		Release|Any CPU = Release|Any CPU
	EndGlobalSection
	GlobalSection(ProjectConfigurationPlatforms) = postSolution
		{36B750F4-9184-4FC3-9DF5-C1DCC92EEC74}.Debug|Any CPU.ActiveCfg = Debug|Any CPU
		{36B750F4-9184-4FC3-9DF5-C1DCC92EEC74}.Debug|Any CPU.Build.0 = Debug|Any CPU
		{36B750F4-9184-4FC3-9DF5-C1DCC92EEC74}.Release|Any CPU.ActiveCfg = Release|Any CPU
		{36B750F4-9184-4FC3-9DF5-C1DCC92EEC74}.Release|Any CPU.Build.0 = Release|Any CPU
	EndGlobalSection
	GlobalSection(SolutionProperties) = preSolution
		HideSolutionNode = FALSE
	EndGlobalSection
	GlobalSection(ExtensibilityGlobals) = postSolution
		SolutionGuid = {F422D85A-0833-4795-B52C-CFFDA9D1689E}
	EndGlobalSection
EndGlobal
