
Microsoft Visual Studio Solution File, Format Version 12.00
# Visual Studio Version 16
VisualStudioVersion = 16.0.31005.135
MinimumVisualStudioVersion = 10.0.40219.1
Project("{FAE04EC0-301F-11D3-BF4B-00C04F79EFBC}") = "Exercicio01", "ConsoleApp1\Exercicio01.csproj", "{1FE46BA3-E506-41A2-92C8-5E838CDD2EB4}"
EndProject
Global
	GlobalSection(SolutionConfigurationPlatforms) = preSolution
		Debug|Any CPU = Debug|Any CPU
		Release|Any CPU = Release|Any CPU
	EndGlobalSection
	GlobalSection(ProjectConfigurationPlatforms) = postSolution
		{1FE46BA3-E506-41A2-92C8-5E838CDD2EB4}.Debug|Any CPU.ActiveCfg = Debug|Any CPU
		{1FE46BA3-E506-41A2-92C8-5E838CDD2EB4}.Debug|Any CPU.Build.0 = Debug|Any CPU
		{1FE46BA3-E506-41A2-92C8-5E838CDD2EB4}.Release|Any CPU.ActiveCfg = Release|Any CPU
		{1FE46BA3-E506-41A2-92C8-5E838CDD2EB4}.Release|Any CPU.Build.0 = Release|Any CPU
	EndGlobalSection
	GlobalSection(SolutionProperties) = preSolution
		HideSolutionNode = FALSE
	EndGlobalSection
	GlobalSection(ExtensibilityGlobals) = postSolution
		SolutionGuid = {B065960C-EF48-46FB-8519-321F1CFE0639}
	EndGlobalSection
EndGlobal
